
Microsoft Visual Studio Solution File, Format Version 12.00
# Visual Studio Version 16
VisualStudioVersion = 16.0.29613.14
MinimumVisualStudioVersion = 10.0.40219.1
Project("{FAE04EC0-301F-11D3-BF4B-00C04F79EFBC}") = "LeoResearchProject", "LeoResearchProject\LeoResearchProject.csproj", "{A3763B22-AAFC-4D3B-9499-D5FA0291DA26}"
EndProject
Global
	GlobalSection(SolutionConfigurationPlatforms) = preSolution
		Debug|Any CPU = Debug|Any CPU
		Release|Any CPU = Release|Any CPU
	EndGlobalSection
	GlobalSection(ProjectConfigurationPlatforms) = postSolution
		{A3763B22-AAFC-4D3B-9499-D5FA0291DA26}.Debug|Any CPU.ActiveCfg = Debug|Any CPU
		{A3763B22-AAFC-4D3B-9499-D5FA0291DA26}.Debug|Any CPU.Build.0 = Debug|Any CPU
		{A3763B22-AAFC-4D3B-9499-D5FA0291DA26}.Release|Any CPU.ActiveCfg = Release|Any CPU
		{A3763B22-AAFC-4D3B-9499-D5FA0291DA26}.Release|Any CPU.Build.0 = Release|Any CPU
	EndGlobalSection
	GlobalSection(SolutionProperties) = preSolution
		HideSolutionNode = FALSE
	EndGlobalSection
	GlobalSection(ExtensibilityGlobals) = postSolution
		SolutionGuid = {E8C36D25-53B9-430E-B699-AE4C9FBB0CDB}
	EndGlobalSection
EndGlobal
